
Microsoft Visual Studio Solution File, Format Version 12.00
# Visual Studio Version 16
VisualStudioVersion = 16.0.31624.102
MinimumVisualStudioVersion = 10.0.40219.1
Project("{FAE04EC0-301F-11D3-BF4B-00C04F79EFBC}") = "DinasProject", "DinasProject\DinasProject.csproj", "{3FC75ABC-70B1-4C1D-AC78-19D5D4D81716}"
EndProject
Global
	GlobalSection(SolutionConfigurationPlatforms) = preSolution
		Debug|Any CPU = Debug|Any CPU
		Release|Any CPU = Release|Any CPU
	EndGlobalSection
	GlobalSection(ProjectConfigurationPlatforms) = postSolution
		{3FC75ABC-70B1-4C1D-AC78-19D5D4D81716}.Debug|Any CPU.ActiveCfg = Debug|Any CPU
		{3FC75ABC-70B1-4C1D-AC78-19D5D4D81716}.Debug|Any CPU.Build.0 = Debug|Any CPU
		{3FC75ABC-70B1-4C1D-AC78-19D5D4D81716}.Release|Any CPU.ActiveCfg = Release|Any CPU
		{3FC75ABC-70B1-4C1D-AC78-19D5D4D81716}.Release|Any CPU.Build.0 = Release|Any CPU
	EndGlobalSection
	GlobalSection(SolutionProperties) = preSolution
		HideSolutionNode = FALSE
	EndGlobalSection
	GlobalSection(ExtensibilityGlobals) = postSolution
		SolutionGuid = {1E474E2D-342C-45A0-A0F8-7BAE4AE0A7A3}
	EndGlobalSection
EndGlobal
